
Microsoft Visual Studio Solution File, Format Version 12.00
# Visual Studio Version 17
VisualStudioVersion = 17.14.36511.14 d17.14
MinimumVisualStudioVersion = 10.0.40219.1
Project("{FAE04EC0-301F-11D3-BF4B-00C04F79EFBC}") = "ConsoleApp2", "ConsoleApp2\ConsoleApp2.csproj", "{15DAACD7-D2C2-45D2-B309-92F3BE63EBC0}"
EndProject
Global
	GlobalSection(SolutionConfigurationPlatforms) = preSolution
		Debug|Any CPU = Debug|Any CPU
		Release|Any CPU = Release|Any CPU
	EndGlobalSection
	GlobalSection(ProjectConfigurationPlatforms) = postSolution
		{15DAACD7-D2C2-45D2-B309-92F3BE63EBC0}.Debug|Any CPU.ActiveCfg = Debug|Any CPU
		{15DAACD7-D2C2-45D2-B309-92F3BE63EBC0}.Debug|Any CPU.Build.0 = Debug|Any CPU
		{15DAACD7-D2C2-45D2-B309-92F3BE63EBC0}.Release|Any CPU.ActiveCfg = Release|Any CPU
		{15DAACD7-D2C2-45D2-B309-92F3BE63EBC0}.Release|Any CPU.Build.0 = Release|Any CPU
	EndGlobalSection
	GlobalSection(SolutionProperties) = preSolution
		HideSolutionNode = FALSE
	EndGlobalSection
	GlobalSection(ExtensibilityGlobals) = postSolution
		SolutionGuid = {5ECBFD90-6004-4029-9D91-5DB36D8148FB}
	EndGlobalSection
EndGlobal
