
Microsoft Visual Studio Solution File, Format Version 12.00
# Visual Studio Version 17
VisualStudioVersion = 17.14.36511.14 d17.14
MinimumVisualStudioVersion = 10.0.40219.1
Project("{FAE04EC0-301F-11D3-BF4B-00C04F79EFBC}") = "UniversityTaskLibrary", "UniversityTaskLibrary\UniversityTaskLibrary.csproj", "{01E963A8-E88D-4FC2-A033-5B681E0B015C}"
EndProject
Global
	GlobalSection(SolutionConfigurationPlatforms) = preSolution
		Debug|Any CPU = Debug|Any CPU
		Release|Any CPU = Release|Any CPU
	EndGlobalSection
	GlobalSection(ProjectConfigurationPlatforms) = postSolution
		{01E963A8-E88D-4FC2-A033-5B681E0B015C}.Debug|Any CPU.ActiveCfg = Debug|Any CPU
		{01E963A8-E88D-4FC2-A033-5B681E0B015C}.Debug|Any CPU.Build.0 = Debug|Any CPU
		{01E963A8-E88D-4FC2-A033-5B681E0B015C}.Release|Any CPU.ActiveCfg = Release|Any CPU
		{01E963A8-E88D-4FC2-A033-5B681E0B015C}.Release|Any CPU.Build.0 = Release|Any CPU
	EndGlobalSection
	GlobalSection(SolutionProperties) = preSolution
		HideSolutionNode = FALSE
	EndGlobalSection
	GlobalSection(ExtensibilityGlobals) = postSolution
		SolutionGuid = {D2ACB6E5-F751-41D7-A7B0-A292B6D5A80E}
	EndGlobalSection
EndGlobal
