
Microsoft Visual Studio Solution File, Format Version 12.00
# Visual Studio Version 17
VisualStudioVersion = 17.14.36511.14 d17.14
MinimumVisualStudioVersion = 10.0.40219.1
Project("{FAE04EC0-301F-11D3-BF4B-00C04F79EFBC}") = "Задание 11", "Задание 11\Задание 11.csproj", "{08C2D9C2-B215-4646-AE78-677D5D8AC292}"
EndProject
Global
	GlobalSection(SolutionConfigurationPlatforms) = preSolution
		Debug|Any CPU = Debug|Any CPU
		Release|Any CPU = Release|Any CPU
	EndGlobalSection
	GlobalSection(ProjectConfigurationPlatforms) = postSolution
		{08C2D9C2-B215-4646-AE78-677D5D8AC292}.Debug|Any CPU.ActiveCfg = Debug|Any CPU
		{08C2D9C2-B215-4646-AE78-677D5D8AC292}.Debug|Any CPU.Build.0 = Debug|Any CPU
		{08C2D9C2-B215-4646-AE78-677D5D8AC292}.Release|Any CPU.ActiveCfg = Release|Any CPU
		{08C2D9C2-B215-4646-AE78-677D5D8AC292}.Release|Any CPU.Build.0 = Release|Any CPU
	EndGlobalSection
	GlobalSection(SolutionProperties) = preSolution
		HideSolutionNode = FALSE
	EndGlobalSection
	GlobalSection(ExtensibilityGlobals) = postSolution
		SolutionGuid = {66548F20-C838-481F-97B0-37E3F21934E9}
	EndGlobalSection
EndGlobal
