
Microsoft Visual Studio Solution File, Format Version 12.00
# Visual Studio Version 17
VisualStudioVersion = 17.14.36511.14 d17.14
MinimumVisualStudioVersion = 10.0.40219.1
Project("{FAE04EC0-301F-11D3-BF4B-00C04F79EFBC}") = "Стихотворение", "Стихотворение.csproj", "{122F1BBA-1436-4876-A7B3-B246FB3CA2D2}"
EndProject
Global
	GlobalSection(SolutionConfigurationPlatforms) = preSolution
		Debug|Any CPU = Debug|Any CPU
		Release|Any CPU = Release|Any CPU
	EndGlobalSection
	GlobalSection(ProjectConfigurationPlatforms) = postSolution
		{122F1BBA-1436-4876-A7B3-B246FB3CA2D2}.Debug|Any CPU.ActiveCfg = Debug|Any CPU
		{122F1BBA-1436-4876-A7B3-B246FB3CA2D2}.Debug|Any CPU.Build.0 = Debug|Any CPU
		{122F1BBA-1436-4876-A7B3-B246FB3CA2D2}.Release|Any CPU.ActiveCfg = Release|Any CPU
		{122F1BBA-1436-4876-A7B3-B246FB3CA2D2}.Release|Any CPU.Build.0 = Release|Any CPU
	EndGlobalSection
	GlobalSection(SolutionProperties) = preSolution
		HideSolutionNode = FALSE
	EndGlobalSection
	GlobalSection(ExtensibilityGlobals) = postSolution
		SolutionGuid = {660B83C0-13A6-49BE-8A70-0CF220C5E64C}
	EndGlobalSection
EndGlobal
